
Microsoft Visual Studio Solution File, Format Version 12.00
# Visual Studio Version 17
VisualStudioVersion = 17.4.33205.214
MinimumVisualStudioVersion = 10.0.40219.1
Project("{FAE04EC0-301F-11D3-BF4B-00C04F79EFBC}") = "Project.Entities", "Project.Entities\Project.Entities.csproj", "{4C0658B1-876E-4BAF-8995-AB210C7BFB37}"
EndProject
Project("{FAE04EC0-301F-11D3-BF4B-00C04F79EFBC}") = "Project.WebApi", "Project.WebApi\Project.WebApi.csproj", "{F39BDC88-BEEA-4DAA-8B4A-B44D86CD6987}"
EndProject
Project("{FAE04EC0-301F-11D3-BF4B-00C04F79EFBC}") = "Project.Conf", "Project.Conf\Project.Conf.csproj", "{601AF7F2-C6EF-4D12-933E-F886741486E5}"
EndProject
Project("{FAE04EC0-301F-11D3-BF4B-00C04F79EFBC}") = "Project.Bll", "Project.Bll\Project.Bll.csproj", "{599BF951-E983-468E-9DCF-D23F0F8751BD}"
EndProject
Project("{FAE04EC0-301F-11D3-BF4B-00C04F79EFBC}") = "Project.Dal", "Project.Dal\Project.Dal.csproj", "{A47F0DFE-AD57-40B3-842D-990E4A89FBA3}"
EndProject
Global
	GlobalSection(SolutionConfigurationPlatforms) = preSolution
		Debug|Any CPU = Debug|Any CPU
		Release|Any CPU = Release|Any CPU
	EndGlobalSection
	GlobalSection(ProjectConfigurationPlatforms) = postSolution
		{4C0658B1-876E-4BAF-8995-AB210C7BFB37}.Debug|Any CPU.ActiveCfg = Debug|Any CPU
		{4C0658B1-876E-4BAF-8995-AB210C7BFB37}.Debug|Any CPU.Build.0 = Debug|Any CPU
		{4C0658B1-876E-4BAF-8995-AB210C7BFB37}.Release|Any CPU.ActiveCfg = Release|Any CPU
		{4C0658B1-876E-4BAF-8995-AB210C7BFB37}.Release|Any CPU.Build.0 = Release|Any CPU
		{F39BDC88-BEEA-4DAA-8B4A-B44D86CD6987}.Debug|Any CPU.ActiveCfg = Debug|Any CPU
		{F39BDC88-BEEA-4DAA-8B4A-B44D86CD6987}.Debug|Any CPU.Build.0 = Debug|Any CPU
		{F39BDC88-BEEA-4DAA-8B4A-B44D86CD6987}.Release|Any CPU.ActiveCfg = Release|Any CPU
		{F39BDC88-BEEA-4DAA-8B4A-B44D86CD6987}.Release|Any CPU.Build.0 = Release|Any CPU
		{601AF7F2-C6EF-4D12-933E-F886741486E5}.Debug|Any CPU.ActiveCfg = Debug|Any CPU
		{601AF7F2-C6EF-4D12-933E-F886741486E5}.Debug|Any CPU.Build.0 = Debug|Any CPU
		{601AF7F2-C6EF-4D12-933E-F886741486E5}.Release|Any CPU.ActiveCfg = Release|Any CPU
		{601AF7F2-C6EF-4D12-933E-F886741486E5}.Release|Any CPU.Build.0 = Release|Any CPU
		{599BF951-E983-468E-9DCF-D23F0F8751BD}.Debug|Any CPU.ActiveCfg = Debug|Any CPU
		{599BF951-E983-468E-9DCF-D23F0F8751BD}.Debug|Any CPU.Build.0 = Debug|Any CPU
		{599BF951-E983-468E-9DCF-D23F0F8751BD}.Release|Any CPU.ActiveCfg = Release|Any CPU
		{599BF951-E983-468E-9DCF-D23F0F8751BD}.Release|Any CPU.Build.0 = Release|Any CPU
		{A47F0DFE-AD57-40B3-842D-990E4A89FBA3}.Debug|Any CPU.ActiveCfg = Debug|Any CPU
		{A47F0DFE-AD57-40B3-842D-990E4A89FBA3}.Debug|Any CPU.Build.0 = Debug|Any CPU
		{A47F0DFE-AD57-40B3-842D-990E4A89FBA3}.Release|Any CPU.ActiveCfg = Release|Any CPU
		{A47F0DFE-AD57-40B3-842D-990E4A89FBA3}.Release|Any CPU.Build.0 = Release|Any CPU
	EndGlobalSection
	GlobalSection(SolutionProperties) = preSolution
		HideSolutionNode = FALSE
	EndGlobalSection
	GlobalSection(ExtensibilityGlobals) = postSolution
		SolutionGuid = {A6654339-6189-4710-904A-9AEE41F71272}
	EndGlobalSection
EndGlobal
